{
  "lockfileVersion": 1,
  "workspaces": {
    "": {
      "name": "setup-promtool",
      "dependencies": {
        "@actions/core": "^1.11.1",
        "@actions/tool-cache": "^2.0.2",
        "@octokit/auth-action": "^6.0.1",
        "@octokit/rest": "^22.0.0",
      },
      "devDependencies": {
        "@biomejs/biome": "2.0.5",
        "@types/bun": "latest",
        "@types/semver": "^7.7.0",
        "semver": "^7.7.2",
        "typescript": "^5.8.3",
      },
    },
  },
  "trustedDependencies": [
    "@biomejs/biome",
  ],
  "packages": {
    "@actions/core": ["@actions/core@1.11.1", "", { "dependencies": { "@actions/exec": "^1.1.1", "@actions/http-client": "^2.0.1" } }, "sha512-hXJCSrkwfA46Vd9Z3q4cpEpHB1rL5NG04+/rbqW9d3+CSvtB1tYe8UTpAlixa1vj0m/ULglfEK2UKxMGxCxv5A=="],

    "@actions/exec": ["@actions/exec@1.1.1", "", { "dependencies": { "@actions/io": "^1.0.1" } }, "sha512-+sCcHHbVdk93a0XT19ECtO/gIXoxvdsgQLzb2fE2/5sIZmWQuluYyjPQtrtTHdU1YzTZ7bAPN4sITq2xi1679w=="],

    "@actions/http-client": ["@actions/http-client@2.2.3", "", { "dependencies": { "tunnel": "^0.0.6", "undici": "^5.25.4" } }, "sha512-mx8hyJi/hjFvbPokCg4uRd4ZX78t+YyRPtnKWwIl+RzNaVuFpQHfmlGVfsKEJN8LwTCvL+DfVgAM04XaHkm6bA=="],

    "@actions/io": ["@actions/io@1.1.3", "", {}, "sha512-wi9JjgKLYS7U/z8PPbco+PvTb/nRWjeoFlJ1Qer83k/3C5PHQi28hiVdeE2kHXmIL99mQFawx8qt/JPjZilJ8Q=="],

    "@actions/tool-cache": ["@actions/tool-cache@2.0.2", "", { "dependencies": { "@actions/core": "^1.11.1", "@actions/exec": "^1.0.0", "@actions/http-client": "^2.0.1", "@actions/io": "^1.1.1", "semver": "^6.1.0" } }, "sha512-fBhNNOWxuoLxztQebpOaWu6WeVmuwa77Z+DxIZ1B+OYvGkGQon6kTVg6Z32Cb13WCuw0szqonK+hh03mJV7Z6w=="],

    "@biomejs/biome": ["@biomejs/biome@2.0.5", "", { "optionalDependencies": { "@biomejs/cli-darwin-arm64": "2.0.5", "@biomejs/cli-darwin-x64": "2.0.5", "@biomejs/cli-linux-arm64": "2.0.5", "@biomejs/cli-linux-arm64-musl": "2.0.5", "@biomejs/cli-linux-x64": "2.0.5", "@biomejs/cli-linux-x64-musl": "2.0.5", "@biomejs/cli-win32-arm64": "2.0.5", "@biomejs/cli-win32-x64": "2.0.5" }, "bin": { "biome": "bin/biome" } }, "sha512-MztFGhE6cVjf3QmomWu83GpTFyWY8KIcskgRf2AqVEMSH4qI4rNdBLdpAQ11TNK9pUfLGz3IIOC1ZYwgBePtig=="],

    "@biomejs/cli-darwin-arm64": ["@biomejs/cli-darwin-arm64@2.0.5", "", { "os": "darwin", "cpu": "arm64" }, "sha512-VIIWQv9Rcj9XresjCf3isBFfWjFStsdGZvm8SmwJzKs/22YQj167ge7DkxuaaZbNf2kmYif0AcjAKvtNedEoEw=="],

    "@biomejs/cli-darwin-x64": ["@biomejs/cli-darwin-x64@2.0.5", "", { "os": "darwin", "cpu": "x64" }, "sha512-DRpGxBgf5Z7HUFcNUB6n66UiD4VlBlMpngNf32wPraxX8vYU6N9cb3xQWOXIQVBBQ64QfsSLJnjNu79i/LNmSg=="],

    "@biomejs/cli-linux-arm64": ["@biomejs/cli-linux-arm64@2.0.5", "", { "os": "linux", "cpu": "arm64" }, "sha512-FQTfDNMXOknf8+g9Eede2daaduRjTC2SNbfWPNFMadN9K3UKjeZ62jwiYxztPaz9zQQsZU8VbddQIaeQY5CmIA=="],

    "@biomejs/cli-linux-arm64-musl": ["@biomejs/cli-linux-arm64-musl@2.0.5", "", { "os": "linux", "cpu": "arm64" }, "sha512-OpflTCOw/ElEs7QZqN/HFaSViPHjAsAPxFJ22LhWUWvuJgcy/Z8+hRV0/3mk/ZRWy5A6fCDKHZqAxU+xB6W4mA=="],

    "@biomejs/cli-linux-x64": ["@biomejs/cli-linux-x64@2.0.5", "", { "os": "linux", "cpu": "x64" }, "sha512-znpfydUDPuDkyBTulnODrQVK2FaG/4hIOPcQSsF2GeauQOYrBAOplj0etGB0NUrr0dFsvaQ15nzDXYb60ACoiw=="],

    "@biomejs/cli-linux-x64-musl": ["@biomejs/cli-linux-x64-musl@2.0.5", "", { "os": "linux", "cpu": "x64" }, "sha512-9lmjCnajAzpZXbav2P6D87ugkhnaDpJtDvOH5uQbY2RXeW6Rq18uOUltxgacGBP+d8GusTr+s3IFOu7SN0Ok8g=="],

    "@biomejs/cli-win32-arm64": ["@biomejs/cli-win32-arm64@2.0.5", "", { "os": "win32", "cpu": "arm64" }, "sha512-CP2wKQB+gh8HdJTFKYRFETqReAjxlcN9AlYDEoye8v2eQp+L9v+PUeDql/wsbaUhSsLR0sjj3PtbBtt+02AN3A=="],

    "@biomejs/cli-win32-x64": ["@biomejs/cli-win32-x64@2.0.5", "", { "os": "win32", "cpu": "x64" }, "sha512-Sw3rz2m6bBADeQpr3+MD7Ch4E1l15DTt/+dfqKnwkm3cn4BrYwnArmvKeZdVsFRDjMyjlKIP88bw1r7o+9aqzw=="],

    "@fastify/busboy": ["@fastify/busboy@2.1.1", "", {}, "sha512-vBZP4NlzfOlerQTnba4aqZoMhE/a9HY7HRqoOPaETQcSQuWEIyZMHGfVu6w9wGtGK5fED5qRs2DteVCjOH60sA=="],

    "@octokit/auth-action": ["@octokit/auth-action@6.0.1", "", { "dependencies": { "@octokit/auth-token": "^6.0.0", "@octokit/types": "^14.0.0" } }, "sha512-6gmX/skhJUfBiqGbRc5kNaCMIL32lUT7RrQMq/9PDHIhvYRLYHRYFJJapNqe7It5a8ug/fgNuwR8UiivsPmtHw=="],

    "@octokit/auth-token": ["@octokit/auth-token@6.0.0", "", {}, "sha512-P4YJBPdPSpWTQ1NU4XYdvHvXJJDxM6YwpS0FZHRgP7YFkdVxsWcpWGy/NVqlAA7PcPCnMacXlRm1y2PFZRWL/w=="],

    "@octokit/core": ["@octokit/core@7.0.2", "", { "dependencies": { "@octokit/auth-token": "^6.0.0", "@octokit/graphql": "^9.0.1", "@octokit/request": "^10.0.2", "@octokit/request-error": "^7.0.0", "@octokit/types": "^14.0.0", "before-after-hook": "^4.0.0", "universal-user-agent": "^7.0.0" } }, "sha512-ODsoD39Lq6vR6aBgvjTnA3nZGliknKboc9Gtxr7E4WDNqY24MxANKcuDQSF0jzapvGb3KWOEDrKfve4HoWGK+g=="],

    "@octokit/endpoint": ["@octokit/endpoint@11.0.0", "", { "dependencies": { "@octokit/types": "^14.0.0", "universal-user-agent": "^7.0.2" } }, "sha512-hoYicJZaqISMAI3JfaDr1qMNi48OctWuOih1m80bkYow/ayPw6Jj52tqWJ6GEoFTk1gBqfanSoI1iY99Z5+ekQ=="],

    "@octokit/graphql": ["@octokit/graphql@9.0.1", "", { "dependencies": { "@octokit/request": "^10.0.2", "@octokit/types": "^14.0.0", "universal-user-agent": "^7.0.0" } }, "sha512-j1nQNU1ZxNFx2ZtKmL4sMrs4egy5h65OMDmSbVyuCzjOcwsHq6EaYjOTGXPQxgfiN8dJ4CriYHk6zF050WEULg=="],

    "@octokit/openapi-types": ["@octokit/openapi-types@25.1.0", "", {}, "sha512-idsIggNXUKkk0+BExUn1dQ92sfysJrje03Q0bv0e+KPLrvyqZF8MnBpFz8UNfYDwB3Ie7Z0TByjWfzxt7vseaA=="],

    "@octokit/plugin-paginate-rest": ["@octokit/plugin-paginate-rest@13.1.0", "", { "dependencies": { "@octokit/types": "^14.1.0" }, "peerDependencies": { "@octokit/core": ">=6" } }, "sha512-16iNOa4rTTjaWtfsPGJcYYL79FJakseX8TQFIPfVuSPC3s5nkS/DSNQPFPc5lJHgEDBWNMxSApHrEymNblhA9w=="],

    "@octokit/plugin-request-log": ["@octokit/plugin-request-log@6.0.0", "", { "peerDependencies": { "@octokit/core": ">=6" } }, "sha512-UkOzeEN3W91/eBq9sPZNQ7sUBvYCqYbrrD8gTbBuGtHEuycE4/awMXcYvx6sVYo7LypPhmQwwpUe4Yyu4QZN5Q=="],

    "@octokit/plugin-rest-endpoint-methods": ["@octokit/plugin-rest-endpoint-methods@16.0.0", "", { "dependencies": { "@octokit/types": "^14.1.0" }, "peerDependencies": { "@octokit/core": ">=6" } }, "sha512-kJVUQk6/dx/gRNLWUnAWKFs1kVPn5O5CYZyssyEoNYaFedqZxsfYs7DwI3d67hGz4qOwaJ1dpm07hOAD1BXx6g=="],

    "@octokit/request": ["@octokit/request@10.0.3", "", { "dependencies": { "@octokit/endpoint": "^11.0.0", "@octokit/request-error": "^7.0.0", "@octokit/types": "^14.0.0", "fast-content-type-parse": "^3.0.0", "universal-user-agent": "^7.0.2" } }, "sha512-V6jhKokg35vk098iBqp2FBKunk3kMTXlmq+PtbV9Gl3TfskWlebSofU9uunVKhUN7xl+0+i5vt0TGTG8/p/7HA=="],

    "@octokit/request-error": ["@octokit/request-error@7.0.0", "", { "dependencies": { "@octokit/types": "^14.0.0" } }, "sha512-KRA7VTGdVyJlh0cP5Tf94hTiYVVqmt2f3I6mnimmaVz4UG3gQV/k4mDJlJv3X67iX6rmN7gSHCF8ssqeMnmhZg=="],

    "@octokit/rest": ["@octokit/rest@22.0.0", "", { "dependencies": { "@octokit/core": "^7.0.2", "@octokit/plugin-paginate-rest": "^13.0.1", "@octokit/plugin-request-log": "^6.0.0", "@octokit/plugin-rest-endpoint-methods": "^16.0.0" } }, "sha512-z6tmTu9BTnw51jYGulxrlernpsQYXpui1RK21vmXn8yF5bp6iX16yfTtJYGK5Mh1qDkvDOmp2n8sRMcQmR8jiA=="],

    "@octokit/types": ["@octokit/types@14.1.0", "", { "dependencies": { "@octokit/openapi-types": "^25.1.0" } }, "sha512-1y6DgTy8Jomcpu33N+p5w58l6xyt55Ar2I91RPiIA0xCJBXyUAhXCcmZaDWSANiha7R9a6qJJ2CRomGPZ6f46g=="],

    "@types/bun": ["@types/bun@1.2.17", "", { "dependencies": { "bun-types": "1.2.17" } }, "sha512-l/BYs/JYt+cXA/0+wUhulYJB6a6p//GTPiJ7nV+QHa8iiId4HZmnu/3J/SowP5g0rTiERY2kfGKXEK5Ehltx4Q=="],

    "@types/node": ["@types/node@24.0.4", "", { "dependencies": { "undici-types": "~7.8.0" } }, "sha512-ulyqAkrhnuNq9pB76DRBTkcS6YsmDALy6Ua63V8OhrOBgbcYt6IOdzpw5P1+dyRIyMerzLkeYWBeOXPpA9GMAA=="],

    "@types/semver": ["@types/semver@7.7.0", "", {}, "sha512-k107IF4+Xr7UHjwDc7Cfd6PRQfbdkiRabXGRjo07b4WyPahFBZCZ1sE+BNxYIJPPg73UkfOsVOLwqVc/6ETrIA=="],

    "before-after-hook": ["before-after-hook@4.0.0", "", {}, "sha512-q6tR3RPqIB1pMiTRMFcZwuG5T8vwp+vUvEG0vuI6B+Rikh5BfPp2fQ82c925FOs+b0lcFQ8CFrL+KbilfZFhOQ=="],

    "bun-types": ["bun-types@1.2.17", "", { "dependencies": { "@types/node": "*" } }, "sha512-ElC7ItwT3SCQwYZDYoAH+q6KT4Fxjl8DtZ6qDulUFBmXA8YB4xo+l54J9ZJN+k2pphfn9vk7kfubeSd5QfTVJQ=="],

    "fast-content-type-parse": ["fast-content-type-parse@3.0.0", "", {}, "sha512-ZvLdcY8P+N8mGQJahJV5G4U88CSvT1rP8ApL6uETe88MBXrBHAkZlSEySdUlyztF7ccb+Znos3TFqaepHxdhBg=="],

    "semver": ["semver@7.7.2", "", { "bin": { "semver": "bin/semver.js" } }, "sha512-RF0Fw+rO5AMf9MAyaRXI4AV0Ulj5lMHqVxxdSgiVbixSCXoEmmX/jk0CuJw4+3SqroYO9VoUh+HcuJivvtJemA=="],

    "tunnel": ["tunnel@0.0.6", "", {}, "sha512-1h/Lnq9yajKY2PEbBadPXj3VxsDDu844OnaAo52UVmIzIvwwtBPIuNvkjuzBlTWpfJyUbG3ez0KSBibQkj4ojg=="],

    "typescript": ["typescript@5.8.3", "", { "bin": { "tsc": "bin/tsc", "tsserver": "bin/tsserver" } }, "sha512-p1diW6TqL9L07nNxvRMM7hMMw4c5XOo/1ibL4aAIGmSAt9slTE1Xgw5KWuof2uTOvCg9BY7ZRi+GaF+7sfgPeQ=="],

    "undici": ["undici@5.29.0", "", { "dependencies": { "@fastify/busboy": "^2.0.0" } }, "sha512-raqeBD6NQK4SkWhQzeYKd1KmIG6dllBOTt55Rmkt4HtI9mwdWtJljnrXjAFUBLTSN67HWrOIZ3EPF4kjUw80Bg=="],

    "undici-types": ["undici-types@7.8.0", "", {}, "sha512-9UJ2xGDvQ43tYyVMpuHlsgApydB8ZKfVYTsLDhXkFL/6gfkp+U8xTGdh8pMJv1SpZna0zxG1DwsKZsreLbXBxw=="],

    "universal-user-agent": ["universal-user-agent@7.0.3", "", {}, "sha512-TmnEAEAsBJVZM/AADELsK76llnwcf9vMKuPz8JflO1frO8Lchitr0fNaN9d+Ap0BjKtqWqd/J17qeDnXh8CL2A=="],

    "@actions/tool-cache/semver": ["semver@6.3.1", "", { "bin": { "semver": "bin/semver.js" } }, "sha512-BR7VvDCVHO+q2xBEWskxS6DJE1qRnb7DxzUrogb71CWoSficBxYsiAGd+Kl0mmq/MprG9yArRkyrQxTO6XjMzA=="],
  }
}
